{
  "name": "heisenberg-panel",
  "version": "0.0.0",
  "lockfileVersion": 2,
  "requires": true,
  "packages": {
    "": {
      "name": "heisenberg-panel",
      "version": "0.0.0",
      "hasInstallScript": true,
      "dependencies": {
        "@chakra-ui/react": "^2.5.5",
        "@emotion/react": "^11.10.5",
        "@emotion/styled": "^11.10.5",
        "@heroicons/react": "^2.0.12",
        "@hookform/resolvers": "^2.9.10",
        "apexcharts": "^3.40.0",
        "classnames": "^2.3.2",
        "dayjs": "^1.11.6",
        "framer-motion": "^7.6.6",
        "i18next": "^22.4.14",
        "i18next-http-backend": "^2.2.0",
        "jsoneditor": "^9.10.1",
        "lodash.debounce": "^4.0.8",
        "ofetch": "^1.3.3",
        "qrcode.react": "^3.1.0",
        "react": "^18.2.0",
        "react-apexcharts": "^1.4.0",
        "react-copy-to-clipboard": "^5.1.0",
        "react-datepicker": "^4.8.0",
        "react-dom": "^18.2.0",
        "react-github-btn": "^1.4.0",
        "react-hook-form": "^7.39.1",
        "react-i18next": "^12.2.0",
        "react-json-editor-ajrm": "^2.5.14",
        "react-loading-skeleton": "^3.1.0",
        "react-query": "^3.39.3",
        "react-router-dom": "^6.4.3",
        "react-slick": "^0.29.0",
        "react-use-websocket": "^4.3.1",
        "rollup-plugin-visualizer": "^5.9.0",
        "slick-carousel": "^1.8.1",
        "vite-tsconfig-paths": "^4.0.3",
        "zod": "^3.19.1",
        "zustand": "^4.4.6",
        "zustand-computed": "^1.3.3"
      },
      "devDependencies": {
        "@chakra-ui/cli": "^2.3.0",
        "@types/jsoneditor": "^9.9.0",
        "@types/lodash.debounce": "^4.0.7",
        "@types/react": "^18.0.17",
        "@types/react-copy-to-clipboard": "^5.0.4",
        "@types/react-datepicker": "^4.8.0",
        "@types/react-dom": "^18.0.6",
        "@types/react-json-editor-ajrm": "^2.5.3",
        "@types/react-slick": "^0.23.10",
        "@vitejs/plugin-react": "^2.1.0",
        "autoprefixer": "^10.4.12",
        "sass": "^1.57.1",
        "typescript": "^4.9.5",
        "vite": "^3.1.0",
        "vite-plugin-svgr": "^2.2.2"
      }
    },
    "node_modules/@ampproject/remapping": {
      "version": "2.2.0",
      "resolved": "https://registry.npmjs.org/@ampproject/remapping/-/remapping-2.2.0.tgz",
      "integrity": "sha512-qRmjj8nj9qmLTQXXmaR1cck3UXSRMPrbsLJAasZpF+t3riI71BXed5ebIOYwQntykeZuhjsdweEc9BxH5Jc26w==",
      "dev": true,
      "dependencies": {
        "@jridgewell/gen-mapping": "^0.1.0",
        "@jridgewell/trace-mapping": "^0.3.9"
      },
      "engines": {
        "node": ">=6.0.0"
      }
    },
    "node_modules/@babel/code-frame": {
      "version": "7.22.13",
      "resolved": "https://registry.npmjs.org/@babel/code-frame/-/code-frame-7.22.13.tgz",
      "integrity": "sha512-XktuhWlJ5g+3TJXc5upd9Ks1HutSArik6jf2eAjYFyIOf4ej3RN+184cZbzDvbPnuTJIUhPKKJE3cIsYTiAT3w==",
      "dependencies": {
        "@babel/highlight": "^7.22.13",
        "chalk": "^2.4.2"
      },
      "engines": {
        "node": ">=6.9.0"
      }
    },
    "node_modules/@babel/compat-data": {
      "version": "7.21.0",
      "resolved": "https://registry.npmjs.org/@babel/compat-data/-/compat-data-7.21.0.tgz",
      "integrity": "sha512-gMuZsmsgxk/ENC3O/fRw5QY8A9/uxQbbCEypnLIiYYc/qVJtEV7ouxC3EllIIwNzMqAQee5tanFabWsUOutS7g==",
      "dev": true,
      "engines": {
        "node": ">=6.9.0"
      }
    },
    "node_modules/@babel/core": {
      "version": "7.21.0",
      "resolved": "https://registry.npmjs.org/@babel/core/-/core-7.21.0.tgz",
      "integrity": "sha512-PuxUbxcW6ZYe656yL3EAhpy7qXKq0DmYsrJLpbB8XrsCP9Nm+XCg9XFMb5vIDliPD7+U/+M+QJlH17XOcB7eXA==",
      "dev": true,
      "dependencies": {
        "@ampproject/remapping": "^2.2.0",
        "@babel/code-frame": "^7.18.6",
        "@babel/generator": "^7.21.0",
        "@babel/helper-compilation-targets": "^7.20.7",
        "@babel/helper-module-transforms": "^7.21.0",
        "@babel/helpers": "^7.21.0",
        "@babel/parser": "^7.21.0",
        "@babel/template": "^7.20.7",
        "@babel/traverse": "^7.21.0",
        "@babel/types": "^7.21.0",
        "convert-source-map": "^1.7.0",
        "debug": "^4.1.0",
        "gensync": "^1.0.0-beta.2",
        "json5": "^2.2.2",
        "semver": "^6.3.0"
      },
      "engines": {
        "node": ">=6.9.0"
      },
      "funding": {
        "type": "opencollective",
        "url": "https://opencollective.com/babel"
      }
    },
    "node_modules/@babel/generator": {
      "version": "7.23.3",
      "resolved": "https://registry.npmjs.org/@babel/generator/-/generator-7.23.3.tgz",
      "integrity": "sha512-keeZWAV4LU3tW0qRi19HRpabC/ilM0HRBBzf9/k8FFiG4KVpiv0FIy4hHfLfFQZNhziCTPTmd59zoyv6DNISzg==",
      "dev": true,
      "dependencies": {
        "@babel/types": "^7.23.3",
        "@jridgewell/gen-mapping": "^0.3.2",
        "@jridgewell/trace-mapping": "^0.3.17",
        "jsesc": "^2.5.1"
      },
      "engines": {
        "node": ">=6.9.0"
      }
    },
    "node_modules/@babel/generator/node_modules/@jridgewell/gen-mapping": {
      "version": "0.3.2",
      "resolved": "https://registry.npmjs.org/@jridgewell/gen-mapping/-/gen-mapping-0.3.2.tgz",
      "integrity": "sha512-mh65xKQAzI6iBcFzwv28KVWSmCkdRBWoOh+bYQGW3+6OZvbbN3TqMGo5hqYxQniRcH9F2VZIoJCm4pa3BPDK/A==",
      "dev": true,
      "dependencies": {
        "@jridgewell/set-array": "^1.0.1",
        "@jridgewell/sourcemap-codec": "^1.4.10",
        "@jridgewell/trace-mapping": "^0.3.9"
      },
      "engines": {
        "node": ">=6.0.0"
      }
    },
    "node_modules/@babel/helper-annotate-as-pure": {
      "version": "7.18.6",
      "resolved": "https://registry.npmjs.org/@babel/helper-annotate-as-pure/-/helper-annotate-as-pure-7.18.6.tgz",
      "integrity": "sha512-duORpUiYrEpzKIop6iNbjnwKLAKnJ47csTyRACyEmWj0QdUrm5aqNJGHSSEQSUAvNW0ojX0dOmK9dZduvkfeXA==",
      "dev": true,
      "dependencies": {
        "@babel/types": "^7.18.6"
      },
      "engines": {
        "node": ">=6.9.0"
      }
    },
    "node_modules/@babel/helper-compilation-targets": {
      "version": "7.20.7",
      "resolved": "https://registry.npmjs.org/@babel/helper-compilation-targets/-/helper-compilation-targets-7.20.7.tgz",
      "integrity": "sha512-4tGORmfQcrc+bvrjb5y3dG9Mx1IOZjsHqQVUz7XCNHO+iTmqxWnVg3KRygjGmpRLJGdQSKuvFinbIb0CnZwHAQ==",
      "dev": true,
      "dependencies": {
        "@babel/compat-data": "^7.20.5",
        "@babel/helper-validator-option": "^7.18.6",
        "browserslist": "^4.21.3",
        "lru-cache": "^5.1.1",
        "semver": "^6.3.0"
      },
      "engines": {
        "node": ">=6.9.0"
      },
      "peerDependencies": {
        "@babel/core": "^7.0.0"
      }
    },
    "node_modules/@babel/helper-environment-visitor": {
      "version": "7.22.20",
      "resolved": "https://registry.npmjs.org/@babel/helper-environment-visitor/-/helper-environment-visitor-7.22.20.tgz",
      "integrity": "sha512-zfedSIzFhat/gFhWfHtgWvlec0nqB9YEIVrpuwjruLlXfUSnA8cJB0miHKwqDnQ7d32aKo2xt88/xZptwxbfhA==",
      "dev": true,
      "engines": {
        "node": ">=6.9.0"
      }
    },
    "node_modules/@babel/helper-function-name": {
      "version": "7.23.0",
      "resolved": "https://registry.npmjs.org/@babel/helper-function-name/-/helper-function-name-7.23.0.tgz",
      "integrity": "sha512-OErEqsrxjZTJciZ4Oo+eoZqeW9UIiOcuYKRJA4ZAgV9myA+pOXhhmpfNCKjEH/auVfEYVFJ6y1Tc4r0eIApqiw==",
      "dev": true,
      "dependencies": {
        "@babel/template": "^7.22.15",
        "@babel/types": "^7.23.0"
      },
      "engines": {
        "node": ">=6.9.0"
      }
    },
    "node_modules/@babel/helper-hoist-variables": {
      "version": "7.22.5",
      "resolved": "https://registry.npmjs.org/@babel/helper-hoist-variables/-/helper-hoist-variables-7.22.5.tgz",
      "integrity": "sha512-wGjk9QZVzvknA6yKIUURb8zY3grXCcOZt+/7Wcy8O2uctxhplmUPkOdlgoNhmdVee2c92JXbf1xpMtVNbfoxRw==",
      "dev": true,
      "dependencies": {
        "@babel/types": "^7.22.5"
      },
      "engines": {
        "node": ">=6.9.0"
      }
    },
    "node_modules/@babel/helper-module-imports": {
      "version": "7.18.6",
      "resolved": "https://registry.npmjs.org/@babel/helper-module-imports/-/helper-module-imports-7.18.6.tgz",
      "integrity": "sha512-0NFvs3VkuSYbFi1x2Vd6tKrywq+z/cLeYC/RJNFrIX/30Bf5aiGYbtvGXolEktzJH8o5E5KJ3tT+nkxuuZFVlA==",
      "dependencies": {
        "@babel/types": "^7.18.6"
      },
      "engines": {
        "node": ">=6.9.0"
      }
    },
    "node_modules/@babel/helper-module-transforms": {
      "version": "7.21.2",
      "resolved": "https://registry.npmjs.org/@babel/helper-module-transforms/-/helper-module-transforms-7.21.2.tgz",
      "integrity": "sha512-79yj2AR4U/Oqq/WOV7Lx6hUjau1Zfo4cI+JLAVYeMV5XIlbOhmjEk5ulbTc9fMpmlojzZHkUUxAiK+UKn+hNQQ==",
      "dev": true,
      "dependencies": {
        "@babel/helper-environment-visitor": "^7.18.9",
        "@babel/helper-module-imports": "^7.18.6",
        "@babel/helper-simple-access": "^7.20.2",
        "@babel/helper-split-export-declaration": "^7.18.6",
        "@babel/helper-validator-identifier": "^7.19.1",
        "@babel/template": "^7.20.7",
        "@babel/traverse": "^7.21.2",
        "@babel/types": "^7.21.2"
      },
      "engines": {
        "node": ">=6.9.0"
      }
    },
    "node_modules/@babel/helper-plugin-utils": {
      "version": "7.20.2",
      "resolved": "https://registry.npmjs.org/@babel/helper-plugin-utils/-/helper-plugin-utils-7.20.2.tgz",
      "integrity": "sha512-8RvlJG2mj4huQ4pZ+rU9lqKi9ZKiRmuvGuM2HlWmkmgOhbs6zEAw6IEiJ5cQqGbDzGZOhwuOQNtZMi/ENLjZoQ==",
      "dev": true,
      "engines": {
        "node": ">=6.9.0"
      }
    },
    "node_modules/@babel/helper-simple-access": {
      "version": "7.20.2",
      "resolved": "https://registry.npmjs.org/@babel/helper-simple-access/-/helper-simple-access-7.20.2.tgz",
      "integrity": "sha512-+0woI/WPq59IrqDYbVGfshjT5Dmk/nnbdpcF8SnMhhXObpTq2KNBdLFRFrkVdbDOyUmHBCxzm5FHV1rACIkIbA==",
      "dev": true,
      "dependencies": {
        "@babel/types": "^7.20.2"
      },
      "engines": {
        "node": ">=6.9.0"
      }
    },
    "node_modules/@babel/helper-split-export-declaration": {
      "version": "7.22.6",
      "resolved": "https://registry.npmjs.org/@babel/helper-split-export-declaration/-/helper-split-export-declaration-7.22.6.tgz",
      "integrity": "sha512-AsUnxuLhRYsisFiaJwvp1QF+I3KjD5FOxut14q/GzovUe6orHLesW2C7d754kRm53h5gqrz6sFl6sxc4BVtE/g==",
      "dev": true,
      "dependencies": {
        "@babel/types": "^7.22.5"
      },
      "engines": {
        "node": ">=6.9.0"
      }
    },
    "node_modules/@babel/helper-string-parser": {
      "version": "7.22.5",
      "resolved": "https://registry.npmjs.org/@babel/helper-string-parser/-/helper-string-parser-7.22.5.tgz",
      "integrity": "sha512-mM4COjgZox8U+JcXQwPijIZLElkgEpO5rsERVDJTc2qfCDfERyob6k5WegS14SX18IIjv+XD+GrqNumY5JRCDw==",
      "engines": {
        "node": ">=6.9.0"
      }
    },
    "node_modules/@babel/helper-validator-identifier": {
      "version": "7.22.20",
      "resolved": "https://registry.npmjs.org/@babel/helper-validator-identifier/-/helper-validator-identifier-7.22.20.tgz",
      "integrity": "sha512-Y4OZ+ytlatR8AI+8KZfKuL5urKp7qey08ha31L8b3BwewJAoJamTzyvxPR/5D+KkdJCGPq/+8TukHBlY10FX9A==",
      "engines": {
        "node": ">=6.9.0"
      }
    },
    "node_modules/@babel/helper-validator-option": {
      "version": "7.21.0",
      "resolved": "https://registry.npmjs.org/@babel/helper-validator-option/-/helper-validator-option-7.21.0.tgz",
      "integrity": "sha512-rmL/B8/f0mKS2baE9ZpyTcTavvEuWhTTW8amjzXNvYG4AwBsqTLikfXsEofsJEfKHf+HQVQbFOHy6o+4cnC/fQ==",
      "dev": true,
      "engines": {
        "node": ">=6.9.0"
      }
    },
    "node_modules/@babel/helpers": {
      "version": "7.21.0",
      "resolved": "https://registry.npmjs.org/@babel/helpers/-/helpers-7.21.0.tgz",
      "integrity": "sha512-XXve0CBtOW0pd7MRzzmoyuSj0e3SEzj8pgyFxnTT1NJZL38BD1MK7yYrm8yefRPIDvNNe14xR4FdbHwpInD4rA==",
      "dev": true,
      "dependencies": {
        "@babel/template": "^7.20.7",
        "@babel/traverse": "^7.21.0",
        "@babel/types": "^7.21.0"
      },
      "engines": {
        "node": ">=6.9.0"
      }
    },
    "node_modules/@babel/highlight": {
      "version": "7.22.20",
      "resolved": "https://registry.npmjs.org/@babel/highlight/-/highlight-7.22.20.tgz",
      "integrity": "sha512-dkdMCN3py0+ksCgYmGG8jKeGA/8Tk+gJwSYYlFGxG5lmhfKNoAy004YpLxpS1W2J8m/EK2Ew+yOs9pVRwO89mg==",
      "dependencies": {
        "@babel/helper-validator-identifier": "^7.22.20",
        "chalk": "^2.4.2",
        "js-tokens": "^4.0.0"
      },
      "engines": {
        "node": ">=6.9.0"
      }
    },
    "node_modules/@babel/parser": {
      "version": "7.23.3",
      "resolved": "https://registry.npmjs.org/@babel/parser/-/parser-7.23.3.tgz",
      "integrity": "sha512-uVsWNvlVsIninV2prNz/3lHCb+5CJ+e+IUBfbjToAHODtfGYLfCFuY4AU7TskI+dAKk+njsPiBjq1gKTvZOBaw==",
      "dev": true,
      "bin": {
        "parser": "bin/babel-parser.js"
      },
      "engines": {
        "node": ">=6.0.0"
      }
    },
    "node_modules/@babel/plugin-syntax-jsx": {
      "version": "7.18.6",
      "resolved": "https://registry.npmjs.org/@babel/plugin-syntax-jsx/-/plugin-syntax-jsx-7.18.6.tgz",
      "integrity": "sha512-6mmljtAedFGTWu2p/8WIORGwy+61PLgOMPOdazc7YoJ9ZCWUyFy3A6CpPkRKLKD1ToAesxX8KGEViAiLo9N+7Q==",
      "dev": true,
      "dependencies": {
        "@babel/helper-plugin-utils": "^7.18.6"
      },
      "engines": {
        "node": ">=6.9.0"
      },
      "peerDependencies": {
        "@babel/core": "^7.0.0-0"
      }
    },
    "node_modules/@babel/plugin-transform-react-jsx": {
      "version": "7.21.0",
      "resolved": "https://registry.npmjs.org/@babel/plugin-transform-react-jsx/-/plugin-transform-react-jsx-7.21.0.tgz",
      "integrity": "sha512-6OAWljMvQrZjR2DaNhVfRz6dkCAVV+ymcLUmaf8bccGOHn2v5rHJK3tTpij0BuhdYWP4LLaqj5lwcdlpAAPuvg==",
      "dev": true,
      "dependencies": {
        "@babel/helper-annotate-as-pure": "^7.18.6",
        "@babel/helper-module-imports": "^7.18.6",
        "@babel/helper-plugin-utils": "^7.20.2",
        "@babel/plugin-syntax-jsx": "^7.18.6",
        "@babel/types": "^7.21.0"
      },
      "engines": {
        "node": ">=6.9.0"
      },
      "peerDependencies": {
        "@babel/core": "^7.0.0-0"
      }
    },
    "node_modules/@babel/plugin-transform-react-jsx-development": {
      "version": "7.18.6",
      "resolved": "https://registry.npmjs.org/@babel/plugin-transform-react-jsx-×mý×‹h‘éì¶»§q«^vŽˆ—KŒŒHƒBˆCBˆKBˆœÝ[\ÈŽˆÃBˆ™\œÚ[ÛˆŽˆŒKŒÈ‹Bˆœ™\ÛÛ™YŽˆšÎ‹ËÜ™YÚ\ÝžK›œZœË›Ü™ËÜÝ[\ËËKÜÝ[\ËMŒKŒËÞˆ‹Bˆš[YÜš]HŽˆœÚMLL‹QÔ•Ñ•ÙŠÛÍÚœ‘\XÍZšX’Ø]œÊËÜVQÚžœ‘ÎXVÕ’MÙÓP˜ŒÍÝQ˜ØÕÓŠÑSÔÎXSSÍ˜ÑÒÐSÌÓÐOOHƒBˆKBˆœÝ\ÜËXÛÛÜˆŽˆÃBˆ™\œÚ[ÛˆŽˆKKŒ‹Bˆœ™\ÛÛ™YŽˆšÎ‹ËÜ™YÚ\ÝžK›œZœË›Ü™ËÜÝ\ÜËXÛÛÜ‹ËKÜÝ\ÜËXÛÛÜ‹MKKŒÞˆ‹Bˆš[YÜš]HŽˆœÚMLL‹TZ•šÙ]RZP\PÖÕRÜÙÕL‘\PQÞœÌ”ÛMTVXš›JÖ‘UÑXÕÍÙ‘“•SS–›XL^M[ÓšÐŒVS[ÝÏOH‹Bˆœ™\]Z\™\ÈŽˆÃBˆš\ËY›YÈŽˆ—ŒËŒŒƒBˆCBˆKBˆœÝ\ÜË\™\Ù\™K\Þ[[[šÜËY›YÈŽˆÃBˆ™\œÚ[ÛˆŽˆŒKŒŒ‹Bˆœ™\ÛÛ™YŽˆšÎ‹ËÜ™YÚ\ÝžK›œZœË›Ü™ËÜÝ\ÜË\™\Ù\™K\Þ[[[šÜËY›YËËKÜÝ\ÜË\™\Ù\™K\Þ[[[šÜËY›YËLKŒŒÞˆ‹Bˆš[YÜš]HŽˆœÚMLL‹[ÝÛ–ÎY™ÙÙÒXÙTM”’šÌUÐN
Û]TM˜ÔÚ™TŒÕŽÌÜNPŒ\•LÔŒ\ÒŒŒVžPXÎÍ•Ž^UÙŽSP]ÏOHƒBˆKBˆœÝ™Ë\\œÙ\ˆŽˆÃBˆ™\œÚ[ÛˆŽˆŒ‹Œ‹Bˆœ™\ÛÛ™YŽˆšÎ‹ËÜ™YÚ\ÝžK›œZœË›Ü™ËÜÝ™Ë\\œÙ\‹ËKÜÝ™Ë\\œÙ\‹L‹ŒÞˆ‹Bˆš[YÜš]HŽˆœÚMLL‹YMÌZÛÓÙ˜ŒÍØÒSTÙÞ“œÞ^’Ù˜^UÍ•“Ù›Ý”ŠËØžœšÞ^KÌÌUÚØ™Û”\Ý“œTÙœPQÕKÖ›ÚT‘T”OOH‹Bˆ™]ˆŽˆYCBˆKBˆœÝ™Ë™˜YÙØX›KšœÈŽˆÃBˆ™\œÚ[ÛˆŽˆŒ‹Œ‹Œˆ‹Bˆœ™\ÛÛ™YŽˆšÎ‹ËÜ™YÚ\ÝžK›œZœË›Ü™ËÜÝ™Ë™˜YÙØX›KšœËËKÜÝ™Ë™˜YÙØX›KšœËL‹Œ‹Œ‹Þˆ‹Bˆš[YÜš]HŽˆœÚMLL‹Rž“’˜Ì™“S^–PÖŽLÖ’Œ›Ú”R‘ÔZ[RÌZÑÚÍ]”ÙZXRØÒYRÜŒJÕRSÎ–PLŽÎSšÍÖMVÏOH‹Bˆœ™\]Z\™\ÈŽˆÃBˆœÝ™ËšœÈŽˆ—Œ‹ŒŒHƒBˆCBˆKBˆœÝ™Ë™X\Ú[™ËšœÈŽˆÃBˆ™\œÚ[ÛˆŽˆŒ‹ŒŒ‹Bˆœ™\ÛÛ™YŽˆšÎ‹ËÜ™YÚ\ÝžK›œZœË›Ü™ËÜÝ™Ë™X\Ú[™ËšœËËKÜÝ™Ë™X\Ú[™ËšœËL‹ŒŒÞˆ‹Bˆš[YÜš]HŽˆœÚMLL‹KËØÝ“QÞLŒ–[ÖQÕŠÌÒY’›M‹ÍŽS•U\RL‹Í\P˜S’Ž]UQ•ÎŒŽNR™ÒLÜ’Ü™ÚM
ÖVU•ÕÝOOH‹Bˆœ™\]Z\™\ÈŽˆÃBˆœÝ™ËšœÈŽˆL‹ŒËžƒBˆCBˆKBˆœÝ™Ë™š[\‹šœÈŽˆÃBˆ™\œÚ[ÛˆŽˆŒ‹ŒŒˆ‹Bˆœ™\ÛÛ™YŽˆšÎ‹ËÜ™YÚ\ÝžK›œZœË›Ü™ËÜÝ™Ë™š[\‹šœËËKÜÝ™Ë™š[\‹šœËL‹ŒŒ‹Þˆ‹Bˆš[YÜš]HŽˆœÚMLL‹^ÑÐÕJÙÐžœYÍT[UŒVTT’ŽTMœØU›
Í]ÔžLÌT•ÔÕNSžÒ]YšÒÚÜ™Ù’››ZUPZÝÏOH‹Bˆœ™\]Z\™\ÈŽˆÃBˆœÝ™ËšœÈŽˆ—Œ‹Œ‹HƒBˆCBˆKBˆœÝ™ËšœÈŽˆÃBˆ™\œÚ[ÛˆŽˆŒ‹ËŒH‹Bˆœ™\ÛÛ™YŽˆšÎ‹ËÜ™YÚ\ÝžK›œZœË›Ü™ËÜÝ™ËšœËËKÜÝ™ËšœËL‹ËŒKÞˆ‹Bˆš[YÜš]HŽˆœÚMLL‹^XØž^‘TZÝÌÑ–]›‹Î’
Í‹Ñ]UÖÍÖœT‘R™ØXÜ[™ÒYÌ“™MÛÛ›ÛYÛ”ÓØP\œÍ“TÐLYÑOOHƒBˆKBˆœÝ™Ëœ][Üœ[™ËšœÈŽˆÃBˆ™\œÚ[ÛˆŽˆŒŒKŒÈ‹Bˆœ™\ÛÛ™YŽˆšÎ‹ËÜ™YÚ\ÝžK›œZœË›Ü™ËÜÝ™Ëœ][Üœ[™ËšœËËKÜÝ™Ëœ][Üœ[™ËšœËLŒKŒËÞˆ‹Bˆš[YÜš]HŽˆœÚMLL‹MRÒNVT‹Ò‘Ì\VÔÑŽš]UUÛKÐ‹ÍÖ]TQSRÓSÔš]Òœ‹ÙÚQX›SNSØÌŒ™ÜÌ•QÝÏOH‹Bˆœ™\]Z\™\ÈŽˆÃBˆœÝ™ËšœÈŽˆ—Œ‹ŒƒBˆCBˆKBˆœÝ™Ëœ™\Ú^™KšœÈŽˆÃBˆ™\œÚ[ÛˆŽˆŒKŒÈ‹Bˆœ™\ÛÛ™YŽˆšÎ‹ËÜ™YÚ\ÝžK›œZœË›Ü™ËÜÝ™Ëœ™\Ú^™KšœËËKÜÝ™Ëœ™\Ú^™KšœËLKŒËÞˆ‹Bˆš[YÜš]HŽˆœÚMLL‹NZÍ\ÖTÜ
ÛUž–žÕLPÎ[Õ“T\œ™ØÑœÑU›ž•QL
ÍÍÙšÕÙY”›XšÑQV]•[ŽXÝVŒÛ[ÓJÝ]ÏOH‹Bˆœ™\]Z\™\ÈŽˆÃBˆœÝ™ËšœÈŽˆ—Œ‹‹H‹BˆœÝ™ËœÙ[XÝšœÈŽˆ—Œ‹ŒKŒˆƒBˆKBˆ™\[™[˜ÚY\ÈŽˆÃBˆœÝ™ËœÙ[XÝšœÈŽˆÃBˆ™\œÚ[ÛˆŽˆŒ‹ŒKŒˆ‹Bˆœ™\ÛÛ™YŽˆšÎ‹ËÜ™YÚ\ÝžK›œZœË›Ü™ËÜÝ™ËœÙ[XÝšœËËKÜÝ™ËœÙ[XÝšœËL‹ŒKŒ‹Þˆ‹Bˆš[YÜš]HŽˆœÚMLL‹]P‘^RœÐSÕZØÐÚ‘Ž]ÍÜš–ÒLXXMÚŒ•”TŽRŒÍÒ“P•XžY\V\[‘SÍÜÔÓŒØÞNPTŽQ]Ó™ÌÎMŒ’”OOH‹Bˆœ™\]Z\™\ÈŽˆÃBˆœÝ™ËšœÈŽˆ—Œ‹Œ‹HƒBˆCBˆCBˆCBˆKBˆœÝ™ËœÙ[XÝšœÈŽˆÃBˆ™\œÚ[ÛˆŽˆŒËŒŒH‹Bˆœ™\ÛÛ™YŽˆšÎ‹ËÜ™YÚ\ÝžK›œZœË›Ü™ËÜÝ™ËœÙ[XÝšœËËKÜÝ™ËœÙ[XÝšœËLËŒŒKÞˆ‹Bˆš[YÜš]HŽˆœÚMLL‹ZRTËÚÚÝUØ’ÔÚYTŽ]TPÚŽ]ÊÞ“Ô
ØÙLNX–^\QLÙÍ›[”ŽÐ]X™L\ÎY”Ì™ÛVVž[SŒÔ˜’ÍÝÏOH‹Bˆœ™\]Z\™\ÈŽˆÃBˆœÝ™ËšœÈŽˆ—Œ‹‹HƒBˆCBˆKBˆ[žKZ[˜\šX[ŽˆÃBˆ™\œÚ[ÛˆŽˆŒKŒËŒH‹Bˆœ™\ÛÛ™YŽˆšÎ‹ËÜ™YÚ\ÝžK›œZœË›Ü™ËÝ[žKZ[˜\šX[ËKÝ[žKZ[˜\šX[LKŒËŒKÞˆ‹Bˆš[YÜš]HŽˆœÚMLL‹PQZZ“›ÜÜÕÝÜÓ^›˜ÓVœŒXØšÑÙ]YSžŒš‘YV™L”Y”›™ÙÒ”N˜Õ‘Ú\ÐÒÝÑ˜‘“S[ÏOHƒBˆKBˆËY˜\Ý\›Ü\Y\ÈŽˆÃBˆ™\œÚ[ÛˆŽˆŒ‹ŒŒ‹Bˆœ™\ÛÛ™YŽˆšÎ‹ËÜ™YÚ\ÝžK›œZœË›Ü™ËÝËY˜\Ý\›Ü\Y\ËËKÝËY˜\Ý\›Ü\Y\ËL‹ŒŒÞˆ‹Bˆš[YÜš]HŽˆœÚMLL‹KÓØRÒÌ\œÌÑ^–\SÞQÊÑž•U–ZZ›]ŒÞŽLM]Ì’Œ]“Œ[ÛPŒÍMŽ•QÓËÚ”žžQ–LÜÐMÝÑÔËØÙ[ÙÏOHƒBˆKBˆË\™YÙ^\˜[™ÙHŽˆÃBˆ™\œÚ[ÛˆŽˆKŒŒH‹Bˆœ™\ÛÛ™YŽˆšÎ‹ËÜ™YÚ\ÝžK›œZœË›Ü™ËÝË\™YÙ^\˜[™ÙKËKÝË\™YÙ^\˜[™ÙKMKŒŒKÞˆ‹Bˆš[YÜš]HŽˆœÚMLL‹MTÚ^–^Q\ŒXÝØÙÝ”^˜’]ÍÕZÌÙÓÞMYY‘™SZ™”
ÓKÒRÌ‘XŠÌ‘ÐÞ[™PÓRšQÜ\QÔÓšÎÔOOH‹Bˆ™]ˆŽˆYKBˆœ™\]Z\™\ÈŽˆÃBˆš\Ë[[X™\ˆŽˆ—ËŒŒƒBˆCBˆKBˆÙÙÛK\Ù[XÝ[ÛˆŽˆÃBˆ™\œÚ[ÛˆŽˆŒKŒˆ‹Bˆœ™\ÛÛ™YŽˆšÎ‹ËÜ™YÚ\ÝžK›œZœË›Ü™ËÝÙÙÛK\Ù[XÝ[Û‹ËKÝÙÙÛK\Ù[XÝ[Û‹LKŒ‹Þˆ‹Bˆš[YÜš]HŽˆœÚMLL‹PšV”ÊÐÌSÔÎËÜL””˜’›^MN^YÚœ\œšÍSÝRÐ‘ÔœÕž]LÙ™šT›™[ÔU˜^YÎ™šM]\™›NMÑ“ÚÓOOHƒBˆKBˆˆŽˆÃBˆ™\œÚ[ÛˆŽˆŒŒŒÈ‹Bˆœ™\ÛÛ™YŽˆšÎ‹ËÜ™YÚ\ÝžK›œZœË›Ü™ËÝ‹ËKÝ‹LŒŒËÞˆ‹Bˆš[YÜš]HŽˆœÚMLL‹SŒÕÓ\Ý\U›ÌÜ–˜‘ZžÑ]ÛÝÌÝœœPØÝœ›™ÚÌ\šÙÞQ™”–YXœÓŒJÑ[ZY’œL‘ÙÜÏOHƒBˆKBˆØÛÛ™˜ÚÈŽˆÃBˆ™\œÚ[ÛˆŽˆŒ‹ŒŒÈ‹Bˆœ™\ÛÛ™YŽˆšÎ‹ËÜ™YÚ\ÝžK›œZœË›Ü™ËÝØÛÛ™˜ÚËËKÝØÛÛ™˜ÚËL‹ŒŒËÞˆ‹Bˆš[YÜš]HŽˆœÚMLL‹[ÌÑÔ“ÌJÐÎNÜRYX•ÜÌÌœÌÚŽŽSÓMS^YÚÚ‘˜XTÚ˜[›Z”’ÙLÜ^UÔRVœÞ”Ð\ÝÏOH‹Bˆœ™\]Z\™\ÈŽˆßCBˆKBˆÛXˆŽˆÃBˆ™\œÚ[ÛˆŽˆŒ‹KŒ‹Bˆœ™\ÛÛ™YŽˆšÎ‹ËÜ™YÚ\ÝžK›œZœË›Ü™ËÝÛX‹ËKÝÛX‹L‹KŒÞˆ‹Bˆš[YÜš]HŽˆœÚMLL‹LÌÍšUÌÜŒ•RÍÓÔ™PR^Ô’R”™[ÚÐÔŒÖ˜˜ÚÒ“RÍÛ\Îž\Ð™šŽVYÞMÕ•ÒÚRLM“ÕËÕÔÙÏOHƒBˆKBˆ\\ØÜš\ŽˆÃBˆ™\œÚ[ÛˆŽˆŽKH‹Bˆœ™\ÛÛ™YŽˆšÎ‹ËÜ™YÚ\ÝžK›œZœË›Ü™ËÝ\\ØÜš\ËKÝ\\ØÜš\MŽKKÞˆ‹Bˆš[YÜš]HŽˆœÚMLL‹LQ–ÎQL’JÔ^–”MÞŠÓXÒšR•ÌQŒ‘^“]NSœNZLÞXQÜZX˜YœV]ÐÕ•M•ÞUÐ]^TT”ž“ÛÝN”ÞVSŽÒÚŒÏOH‹Bˆ™]“Ü[Û˜[ŽˆYCBˆKBˆ[›ØYŽˆÃBˆ™\œÚ[ÛˆŽˆŒ‹Œ‹Œ‹Bˆœ™\ÛÛ™YŽˆšÎ‹ËÜ™YÚ\ÝžK›œZœË›Ü™ËÝ[›ØYËKÝ[›ØYL‹Œ‹ŒÞˆ‹Bˆš[YÜš]HŽˆœÚMLL‹PŒPU“‹ÓÙÐYŒÝY\ØP\ÙÜRØÑ™˜“ÑVŽ˜Ð’‘ÝÐÙ‘ËÕÚQ\ZÔ^ÞQ’U]™–TÙÔKÝÜSOOH‹Bˆœ™\]Z\™\ÈŽˆÃBˆ˜X™[Ü[[YHŽˆ—Ë‹Œˆ‹Bˆ™]XÝ[›ÙHŽˆ—Œ‹ŒƒBˆCBˆKBˆ\]KXœ›ÝÜÙ\œÛ\ÝYˆŽˆÃBˆ™\œÚ[ÛˆŽˆŒKŒŒL‹Bˆœ™\ÛÛ™YŽˆšÎ‹ËÜ™YÚ\ÝžK›œZœË›Ü™ËÝ\]KXœ›ÝÜÙ\œÛ\ÝY‹ËKÝ\]KXœ›ÝÜÙ\œÛ\ÝY‹LKŒŒLÞˆ‹Bˆš[YÜš]HŽˆœÚMLL‹SÞQ[šÙ‘šØ”ÑÊÝž™P[Õ”ÚÑ˜ÝšX’ÙÍ^QÓž“ÕNÜÜYÝØÍÜØšÒ‹ÕØÖ]”–˜MŽ˜žZÌŒQÑšÜÔOOH‹Bˆ™]ˆŽˆYKBˆœ™\]Z\™\ÈŽˆÃBˆ™\ØØ[YHŽˆ—ŒËŒKŒH‹BˆœXÛØÛÛÜœÈŽˆ—ŒKŒŒƒBˆCBˆKBˆ\šKZœÈŽˆÃBˆ™\œÚ[ÛˆŽˆŒH‹Bˆœ™\ÛÛ™YŽˆšÎ‹ËÜ™YÚ\ÝžK›œZœË›Ü™ËÝ\šKZœËËKÝ\šKZœËMŒKÞˆ‹Bˆš[YÜš]HŽˆœÚMLL‹MÜ’Õ^^LÌÔL^XÎNLQ[SÖLQÕY•ÛÌVYÎÛZZLTÙRYYZ”S™“VÍžŒÎXÒÜÎYœÝS›™™ÏOH‹Bˆœ™\]Z\™\ÈŽˆÃBˆœ[žXÛÙHŽˆ—Œ‹ŒKŒƒBˆCBˆKBˆ\ÙKXØ[˜XÚË\™YˆŽˆÃBˆ™\œÚ[ÛˆŽˆŒKŒËŒ‹Bˆœ™\ÛÛ™YŽˆšÎ‹ËÜ™YÚ\ÝžK›œZœË›Ü™ËÝ\ÙKXØ[˜XÚË\™Y‹ËKÝ\ÙKXØ[˜XÚË\™Y‹LKŒËŒÞˆ‹Bˆš[YÜš]HŽˆœÚMLL‹LÑ•TT™ŽR–\LÍ]MÖšÝœZÝVXœZÙ›ZVžT™]T™ÜšœŒ–‘[›TÌœ’T›ŒÞ‘™ÎZÜJÓ\ÍÝÏOH‹Bˆœ™\]Z\™\ÈŽˆÃBˆÛXˆŽˆ—Œ‹ŒŒƒBˆCBˆKBˆ\ÙK\ÚYXØ\ˆŽˆÃBˆ™\œÚ[ÛˆŽˆŒKŒKŒˆ‹Bˆœ™\ÛÛ™YŽˆšÎ‹ËÜ™YÚ\ÝžK›œZœË›Ü™ËÝ\ÙK\ÚYXØ\‹ËKÝ\ÙK\ÚYXØ\‹LKŒKŒ‹Þˆ‹Bˆš[YÜš]HŽˆœÚMLL‹Y\œÓ^–ÛÛŒ•\žP™žMÛJÌŽ]Œ–ÔLÓQ\ÜÚ]ÞSÝÑÒÙMQŽPÚÙ•Ú’Œ]Û’MNQŽŒ‹ÑÕZÚššÏOH‹Bˆœ™\]Z\™\ÈŽˆÃBˆ™]XÝ[›ÙKY\ÈŽˆ—ŒKŒKŒ‹BˆÛXˆŽˆ—Œ‹ŒŒƒBˆCBˆKBˆ\ÙK\Þ[˜ËY^\›˜[\ÝÜ™HŽˆÃBˆ™\œÚ[ÛˆŽˆŒKŒ‹Œ‹Bˆœ™\ÛÛ™YŽˆšÎ‹ËÜ™YÚ\ÝžK›œZœË›Ü™ËÝ\ÙK\Þ[˜ËY^\›˜[\ÝÜ™KËKÝ\ÙK\Þ[˜ËY^\›˜[\ÝÜ™KLKŒ‹ŒÞˆ‹Bˆš[YÜš]HŽˆœÚMLL‹YQYÛ‘žÔLRY™NXž–\Í•“NÍÓØ’]ÎT\Ž]MÚRÝÜÔÎN
ÑQœÙ‹Ì˜Ñ–TÌÙ\ÖÜÙÝÐÝ”ÍQŠÜÒÔOOH‹Bˆœ™\]Z\™\ÈŽˆßCBˆKBˆ˜[š[K\XÚÙ\ˆŽˆÃBˆ™\œÚ[ÛˆŽˆŒ‹ŒL‹ŒH‹Bˆœ™\ÛÛ™YŽˆšÎ‹ËÜ™YÚ\ÝžK›œZœË›Ü™ËÝ˜[š[K\XÚÙ\‹ËKÝ˜[š[K\XÚÙ\‹L‹ŒL‹ŒKÞˆ‹Bˆš[YÜš]HŽˆœÚMLL‹Lœ\‘TU–^[Öž^–ÜØL™™\•œ[›ÜŒŽV’Ñ‘JËÓQ\“š›ÑUQTÓÖÑÞ‘ÙÝŒ^ÊÝZœQ–‘ŠÒÜÓÌØÙÏOH‹Bˆœ™\]Z\™\ÈŽˆÃBˆÜ[žØÛÛÜ‹XÛÛ™\œÚ[ÛˆŽˆ—Œ‹Œ‹ŒˆƒBˆCBˆKBˆš]HŽˆÃBˆ™\œÚ[ÛˆŽˆŒËŒ‹È‹Bˆœ™\ÛÛ™YŽˆšÎ‹ËÜ™YÚ\ÝžK›œZœË›Ü™ËÝš]KËKÝš]KLËŒ‹ËÞˆ‹Bˆš[YÜš]HŽˆœÚMLL‹LŽ\šÍ^TPœŒ]LœÍZšTRV‘KÞÙ•Z^–U’œYMšÜÓ“›ÕÛ•–™SŠÕ[”[VÜ˜ÊÝNÏOH‹Bˆ™]ˆŽˆYKBˆœ™\]Z\™\ÈŽˆÃBˆ™\ØZ[Žˆ—ŒŒMKŽH‹Bˆ™œÙ]™[ÈŽˆŸŒ‹ŒËŒˆ‹BˆœÜÝÜÜÈŽˆ—ŽŒN‹Bˆœ™\ÛÛ™HŽˆ—ŒKŒŒ‹ŒH‹Bˆœ›Û\Žˆ—Œ‹ÎKŒHƒBˆCBˆKBˆš]K\YÚ[‹\Ý™ÜˆŽˆÃBˆ™\œÚ[ÛˆŽˆŒ‹Œ‹Bˆœ™\ÛÛ™YŽˆšÎ‹ËÜ™YÚ\ÝžK›œZœË›Ü™ËÝš]K\YÚ[‹\Ý™Ü‹ËKÝš]K\YÚ[‹\Ý™Ü‹L‹ŒÞˆ‹Bˆš[YÜš]HŽˆœÚMLL‹\JÛR’›Û•œZÚÒ•‘‘[™MXRÒZ”ÒLLÚ“‘™ÔÛÐÎY–^ŒSMÚÖU•Z[Žš\Ñ›Ú‘‘ÖŽU’Ý“–˜SÓœÒOOH‹Bˆ™]ˆŽˆYKBˆœ™\]Z\™\ÈŽˆÃBˆ›Û\ÜYÚ[][ÈŽˆ—KŒŒˆ‹BˆÝ™Ü‹ØÛÜ™HŽˆ—‹KŒHƒBˆCBˆKBˆš]K]ØÛÛ™šYË\]ÈŽˆÃBˆ™\œÚ[ÛˆŽˆŒH‹Bˆœ™\ÛÛ™YŽˆšÎ‹ËÜ™YÚ\ÝžK›œZœË›Ü™ËÝš]K]ØÛÛ™šYË\]ËËKÝš]K]ØÛÛ™šYË\]ËMŒKÞˆ‹Bˆš[YÜš]HŽˆœÚMLL‹KÓÙRÞTÑ–ZÞÖ]UÔ’›š]RËÚ”ŠÕÑÝÙÔ‘Ð–^ÛXÚT]Ð™\[\QM’œÍŠÕ™[PÚÊÝ\Ù‘’ÚY^QUÑTOOH‹Bˆœ™\]Z\™\ÈŽˆÃBˆ™XYÈŽˆ—ŒKŒH‹Bˆ™ÛØœ™^Žˆ—ŒŒKŒˆ‹BˆØÛÛ™˜ÚÈŽˆ—Œ‹ŒŒHƒBˆCBˆKBˆ›ÚYY[[Y[ÈŽˆÃBˆ™\œÚ[ÛˆŽˆŒËŒKŒ‹Bˆœ™\ÛÛ™YŽˆšÎ‹ËÜ™YÚ\ÝžK›œZœË›Ü™ËÝ›ÚYY[[Y[ËËKÝ›ÚYY[[Y[ËLËŒKŒÞˆ‹Bˆš[YÜš]HŽˆœÚMLL‹QšRZRZ•ÎPSY]™’V\ÌŒÕ[ÎXÙT
ÌÕTÊÜ
Ú™ÓžMÜÜ˜JÝ™VZ”™ÔÙÞ‹ÚL–LšKÍÏOHƒBˆKBˆØ\›š[™ÈŽˆÃBˆ™\œÚ[ÛˆŽˆŒŒÈ‹Bˆœ™\ÛÛ™YŽˆšÎ‹ËÜ™YÚ\ÝžK›œZœË›Ü™ËÝØ\›š[™ËËKÝØ\›š[™ËMŒŒËÞˆ‹Bˆš[YÜš]HŽˆœÚMLL‹\œžSŒŒŒ’ÕÒ]’‹ÑLÖÖŒ›ØXØÜRŽ]ZÜSUÙ“ÔžŽVÞ“^–MÜÕ–\LÞ˜ÕUÎ^XÔÌšÓ‘Ž[ÏOH‹Bˆœ™\]Z\™\ÈŽˆÃBˆ›ÛÜÙKY[šYžHŽˆ—ŒKŒŒƒBˆCBˆKBˆÙXšYXÛÛ™\œÚ[ÛœÈŽˆÃBˆ™\œÚ[ÛˆŽˆŒËŒŒH‹Bˆœ™\ÛÛ™YŽˆšÎ‹ËÜ™YÚ\ÝžK›œZœË›Ü™ËÝÙXšYXÛÛ™\œÚ[ÛœËËKÝÙXšYXÛÛ™\œÚ[ÛœËLËŒŒKÞˆ‹Bˆš[YÜš]HŽˆœÚMLL‹L’[ŒÞŽTœš’ÎÛNÜ”ÌØ˜ÛÑSÝ”ÖLPÚ™ŠÑXSSV^’VRÓY]XÔš›Þ\Ù›“ØŽÞYTOOHƒBˆKBˆÚ]ÙË]\›ŽˆÃBˆ™\œÚ[ÛˆŽˆKŒŒ‹Bˆœ™\ÛÛ™YŽˆšÎ‹ËÜ™YÚ\ÝžK›œZœË›Ü™ËÝÚ]ÙË]\›ËKÝÚ]ÙË]\›MKŒŒÞˆ‹Bˆš[YÜš]HŽˆœÚMLL‹\ØQMMÛ\ÍŒÒLÍJÚžÖXL’ÔÞLŽ”Þ”ÙÓÞ\ÌPžšÝšPLKÕQÒ“TÕœ\ÎŽP[’PÖ]SÒ–UÏOH‹Bˆœ™\]Z\™\ÈŽˆÃBˆˆŽˆŸŒŒŒÈ‹BˆÙXšYXÛÛ™\œÚ[ÛœÈŽˆ—ŒËŒŒƒBˆCBˆKBˆÜ˜\X[œÚHŽˆÃBˆ™\œÚ[ÛˆŽˆËŒŒ‹Bˆœ™\ÛÛ™YŽˆšÎ‹ËÜ™YÚ\ÝžK›œZœË›Ü™ËÝÜ˜\X[œÚKËKÝÜ˜\X[œÚKMËŒŒÞˆ‹Bˆš[YÜš]HŽˆœÚMLL‹VU‘ÒZŒšØ[SÕÍ“œÖš›Ðž”ÝÜÛŒXÙ\ÛXÍ
ÔLŒXÍ^”VŒ\
Ó™ž™›S•“ÔM–ÖQÍU]]ÑšMÑM”OOH‹Bˆœ™\]Z\™\ÈŽˆÃBˆ˜[œÚK\Ý[\ÈŽˆ—ŒŒ‹BˆœÝš[™Ë]ÚYŽˆ—ŒKŒ‹BˆœÝš\X[œÚHŽˆ—‹ŒŒƒBˆKBˆ™\[™[˜ÚY\ÈŽˆÃBˆ˜[œÚK\Ý[\ÈŽˆÃBˆ™\œÚ[ÛˆŽˆŒËŒ‹Bˆœ™\ÛÛ™YŽˆšÎ‹ËÜ™YÚ\ÝžK›œZœË›Ü™ËØ[œÚK\Ý[\ËËKØ[œÚK\Ý[\ËMŒËŒÞˆ‹Bˆš[YÜš]HŽˆœÚMLL‹^˜Ž\ÒU\˜ššU‘ŒšRÑ’–SÝÎ•TžŒÒVÑÑ“–”PÛ›”ÚLSÞ
ÒQÚœŒŒÕSZV’”TÑYÏOH‹Bˆœ™\]Z\™\ÈŽˆÃBˆ˜ÛÛÜ‹XÛÛ™\Žˆ—Œ‹ŒŒHƒBˆCBˆKBˆ˜ÛÛÜ‹XÛÛ™\ŽˆÃBˆ™\œÚ[ÛˆŽˆŒ‹ŒŒH‹Bˆœ™\ÛÛ™YŽˆšÎ‹ËÜ™YÚ\ÝžK›œZœË›Ü™ËØÛÛÜ‹XÛÛ™\ËKØÛÛÜ‹XÛÛ™\L‹ŒŒKÞˆ‹Bˆš[YÜš]HŽˆœÚMLL‹T”‘PÔÚÚ]KÞ[ÒÖXÜÑ’Ü“›œÚ‹ÍL“Õ•’Ø”[Û–Õ‘ŒÞ•›[UÓ˜ÓÙ‘ÐÊÐÔ‘’ËÕMN“YÌÎ’ØQ[ÔOOH‹Bˆœ™\]Z\™\ÈŽˆÃBˆ˜ÛÛÜ‹[˜[YHŽˆŸŒKŒKƒBˆCBˆKBˆ˜ÛÛÜ‹[˜[YHŽˆÃBˆ™\œÚ[ÛˆŽˆŒKŒK‹Bˆœ™\ÛÛ™YŽˆšÎ‹ËÜ™YÚ\ÝžK›œZœË›Ü™ËØÛÛÜ‹[˜[YKËKØÛÛÜ‹[˜[YKLKŒKÞˆ‹Bˆš[YÜš]HŽˆœÚMLL‹YÞJÌÐ]UÌØLÓ˜–’]SVœÙÚ‘ÝSKÝP“ÝX˜Ö‘ŽSÖ‘Î™ÎUœP™ŒY”ÎQ[Ö[Í\MžÙNSÙÔQÖÐ\ÔPOOHƒBˆCBˆCBˆKBˆÜ˜\HŽˆÃBˆ™\œÚ[ÛˆŽˆŒKŒŒˆ‹Bˆœ™\ÛÛ™YŽˆšÎ‹ËÜ™YÚ\ÝžK›œZœË›Ü™ËÝÜ˜\KËKÝÜ˜\KLKŒŒ‹Þˆ‹Bˆš[YÜš]HŽˆœÚMLL‹[ÜÑœÙ[ÜŽ]Ó‘]•ŒŠÕT[ŒÙZÔ–‹ÜÜVÙÚX•ŽRÛÌ^\ÖŒÝMËÒTSÍÞÑ™ÜT˜ÔŒÔPÝ™^”ÔOOHƒBˆKBˆžLNˆŽˆÃBˆ™\œÚ[ÛˆŽˆKŒŽ‹Bˆœ™\ÛÛ™YŽˆšÎ‹ËÜ™YÚ\ÝžK›œZœË›Ü™ËÞLN‹ËKÞLN‹MKŒŽÞˆ‹Bˆš[YÜš]HŽˆœÚMLL‹L‘ž™YÙQÒ’’P[U”‘Ò™\ÍÚ›Î]^^ZSÙ”ÊÌÛ‘ÒSœT\R”‹ÌS•TÍ‹ÊÍÔÐØŽNSÙOOHƒBˆKBˆžX[\ÝŽˆÃBˆ™\œÚ[ÛˆŽˆŒËŒKŒH‹Bˆœ™\ÛÛ™YŽˆšÎ‹ËÜ™YÚ\ÝžK›œZœË›Ü™ËÞX[\ÝËKÞX[\ÝLËŒKŒKÞˆ‹Bˆš[YÜš]HŽˆœÚMLL‹XMQÔXUÔN[SÖV[QÌ™]Û˜ÔTÍMÕŒÒ›ÐSJÜÌ•‘[TÎSœÒÎÜSÒÜÑ•ÚÒÍ•ÛÕS›ŒœÔ›ÖÏOH‹Bˆ™]ˆŽˆYCBˆKBˆžX[[ŽˆÃBˆ™\œÚ[ÛˆŽˆŒKŒLŒˆ‹Bˆœ™\ÛÛ™YŽˆšÎ‹ËÜ™YÚ\ÝžK›œZœË›Ü™ËÞX[[ËKÞX[[LKŒLŒ‹Þˆ‹Bˆš[YÜš]HŽˆœÚMLL‹\ŒÝ–Q\”ÖRÝÙÌŽ]–MU”ÛÐQŽ›ÕÎKÐÕ^‘]\Ú–ÑÜÌZÝ]Ú\Ò’’ØžUX“\\UŒP“R™ÏOHƒBˆKBˆžX\™ÜÈŽˆÃBˆ™\œÚ[ÛˆŽˆŒMËËŒH‹Bˆœ™\ÛÛ™YŽˆšÎ‹ËÜ™YÚ\ÝžK›œZœË›Ü™ËÞX\™ÜËËKÞX\™ÜËLMËËŒKÞˆ‹Bˆš[YÜš]HŽˆœÚMLL‹XÝÚUŒ]YœQ[Ý–XXÕ“žÍŒÓÒ“RQÕ\œ•ÛÕMËÍÕÙQÕ”Ú’ÙŒYS‘Þ‘ŽÖYœËÑÒM’œ“ÏOH‹Bˆœ™\]Z\™\ÈŽˆÃBˆ˜Û]ZHŽˆ—ŽŒŒH‹Bˆ™\ØØ[YHŽˆ—ŒËŒKŒH‹Bˆ™Ù]XØ[\‹Yš[HŽˆ—Œ‹ŒH‹Bˆœ™\]Z\™KY\™XÝÜžHŽˆ—Œ‹ŒKŒH‹BˆœÝš[™Ë]ÚYŽˆ—Œ‹ŒÈ‹BˆžLNˆŽˆ—KŒH‹BˆžX\™ÜË\\œÙ\ˆŽˆ—ŒŒKŒKŒHƒBˆCBˆKBˆžX\™ÜË\\œÙ\ˆŽˆÃBˆ™\œÚ[ÛˆŽˆŒŒKŒKŒH‹Bˆœ™\ÛÛ™YŽˆšÎ‹ËÜ™YÚ\ÝžK›œZœË›Ü™ËÞX\™ÜË\\œÙ\‹ËKÞX\™ÜË\\œÙ\‹LŒKŒKŒKÞˆ‹Bˆš[YÜš]HŽˆœÚMLL‹]œÒ•ÍÑ™XÐZQœ’PŒYLÜ^T\ÑM“›ÔÍKÙU˜˜’PÍœÕÚ›ØLÙÊÛL’Û’]Z’œÞ’•JÑÕ]XÌ‹ÓÏOHƒBˆKBˆž›ÙŽˆÃBˆ™\œÚ[ÛˆŽˆŒËŒŒ‹‹Bˆœ™\ÛÛ™YŽˆšÎ‹ËÜ™YÚ\ÝžK›œZœË›Ü™ËÞ›ÙËKÞ›ÙLËŒŒ‹Þˆ‹Bˆš[YÜš]HŽˆœÚMLL‹ZPÊÎ[ÌÊÛUœTNPVÓÔL“\•RÑÓŠÛÒT^\L]™[YÝšÐÝÓšMËÜÛ›“–˜Ž•“ÝÜQQÞ
Üž^UÛYÏOHƒBˆKBˆž\Ý[™ŽˆÃBˆ™\œÚ[ÛˆŽˆˆ‹Bˆœ™\ÛÛ™YŽˆšÎ‹ËÜ™YÚ\ÝžK›œZœË›Ü™ËÞ\Ý[™ËKÞ\Ý[™M‹Þˆ‹Bˆš[YÜš]HŽˆœÚMLL‹T˜ŒM™UÍMYÜSÌ–œš›œUQQÌÐ\™Ù’QÑNM^ÞžÛZÜ˜Ú™Óš’N^’Í™ÑQ•Î›™\•˜\YÙÏOH‹Bˆœ™\]Z\™\ÈŽˆÃBˆ\ÙK\Þ[˜ËY^\›˜[\ÝÜ™HŽˆŒKŒ‹ŒƒBˆCBˆKBˆž\Ý[™XÛÛ\]YŽˆÃBˆ™\œÚ[ÛˆŽˆŒKŒËŒÈ‹Bˆœ™\ÛÛ™YŽˆšÎ‹ËÜ™YÚ\ÝžK›œZœË›Ü™ËÞ\Ý[™XÛÛ\]YËKÞ\Ý[™XÛÛ\]YLKŒËŒËÞˆ‹Bˆš[YÜš]HŽˆœÚMLL‹TÖRÜØÝÐM•Ì^ÜX\U^”›Ý[YÐÒËÔÚNV–Û]UN’œU‘ž’M•–]ÎÜØÖšÚ‘•RÐZLUÌ•™ÏOH‹Bˆœ™\]Z\™\ÈŽˆßCBˆCBˆCBŸCB